Microsoft Visual Studio Solution File, Format Version 12.00
# Visual Studio Version 17
VisualStudioVersion = 17.5.2.0
MinimumVisualStudioVersion = 10.0.40219.1
Project("{FAE04EC0-301F-11D3-BF4B-00C04F79EFBC}") = "datatype_variable_operators", "datatype_variable_operators.csproj", "{F117E520-A4B3-8521-9F8B-C9EC820E6CDF}"
EndProject
Global
	GlobalSection(SolutionConfigurationPlatforms) = preSolution
		Debug|Any CPU = Debug|Any CPU
		Release|Any CPU = Release|Any CPU
	EndGlobalSection
	GlobalSection(ProjectConfigurationPlatforms) = postSolution
		{F117E520-A4B3-8521-9F8B-C9EC820E6CDF}.Debug|Any CPU.ActiveCfg = Debug|Any CPU
		{F117E520-A4B3-8521-9F8B-C9EC820E6CDF}.Debug|Any CPU.Build.0 = Debug|Any CPU
		{F117E520-A4B3-8521-9F8B-C9EC820E6CDF}.Release|Any CPU.ActiveCfg = Release|Any CPU
		{F117E520-A4B3-8521-9F8B-C9EC820E6CDF}.Release|Any CPU.Build.0 = Release|Any CPU
	EndGlobalSection
	GlobalSection(SolutionProperties) = preSolution
		HideSolutionNode = FALSE
	EndGlobalSection
	GlobalSection(ExtensibilityGlobals) = postSolution
		SolutionGuid = {87F4CB34-822E-4934-A132-A5BDB244D659}
	EndGlobalSection
EndGlobal
