Microsoft Visual Studio Solution File, Format Version 12.00
# Visual Studio Version 17
VisualStudioVersion = 17.5.2.0
MinimumVisualStudioVersion = 10.0.40219.1
Project("{FAE04EC0-301F-11D3-BF4B-00C04F79EFBC}") = "control_flow", "control_flow.csproj", "{C40EE8EF-1523-521D-BE96-24CF6F42E12C}"
EndProject
Global
	GlobalSection(SolutionConfigurationPlatforms) = preSolution
		Debug|Any CPU = Debug|Any CPU
		Release|Any CPU = Release|Any CPU
	EndGlobalSection
	GlobalSection(ProjectConfigurationPlatforms) = postSolution
		{C40EE8EF-1523-521D-BE96-24CF6F42E12C}.Debug|Any CPU.ActiveCfg = Debug|Any CPU
		{C40EE8EF-1523-521D-BE96-24CF6F42E12C}.Debug|Any CPU.Build.0 = Debug|Any CPU
		{C40EE8EF-1523-521D-BE96-24CF6F42E12C}.Release|Any CPU.ActiveCfg = Release|Any CPU
		{C40EE8EF-1523-521D-BE96-24CF6F42E12C}.Release|Any CPU.Build.0 = Release|Any CPU
	EndGlobalSection
	GlobalSection(SolutionProperties) = preSolution
		HideSolutionNode = FALSE
	EndGlobalSection
	GlobalSection(ExtensibilityGlobals) = postSolution
		SolutionGuid = {AE976196-A571-454E-AD91-70AFF77D6E5D}
	EndGlobalSection
EndGlobal
